PODS:
  - Capacitor (2.4.1):
    - CapacitorCordova
  - CapacitorCordova (2.4.1)
  - MarketingCloudSDK (7.2.2)

DEPENDENCIES:
  - "Capacitor (from `../node_modules/@capacitor/ios`)"
  - "CapacitorCordova (from `../node_modules/@capacitor/ios`)"
  - MarketingCloudSDK (~> 7.2)

SPEC REPOS:
  https://github.com/CocoaPods/Specs.git:
    - MarketingCloudSDK

EXTERNAL SOURCES:
  Capacitor:
    :path: "../node_modules/@capacitor/ios"
  CapacitorCordova:
    :path: "../node_modules/@capacitor/ios"

SPEC CHECKSUMS:
  Capacitor: 12f6492ebd90494ff60f37b57718f5f1b5d841eb
  CapacitorCordova: bf294ab653635d3aa5d7ec1512753f01df7b7149
  MarketingCloudSDK: cb6f89159cd85679371a9f42e5a6045b50d5f985

PODFILE CHECKSUM: f9b2fcde70ed26754eb045baf2ed7fe21ff27257

COCOAPODS: 1.9.3
